// !$*UTF8*$!
{
	archiveVersion = 1;
	classes = {
	};
	objectVersion = 46;
	objects = {

/* Begin PBXBuildFile section */
		8491BC7E1CCF3F21004680C8 /* AppDelegate.swift in Sources */ = {isa = PBXBuildFile; fileRef = 8491BC7D1CCF3F21004680C8 /* AppDelegate.swift */; };
		8491BC801CCF3F21004680C8 /* ViewController.swift in Sources */ = {isa = PBXBuildFile; fileRef = 8491BC7F1CCF3F21004680C8 /* ViewController.swift */; };
		8491BC831CCF3F21004680C8 /* Main.storyboard in Resources */ = {isa = PBXBuildFile; fileRef = 8491BC811CCF3F21004680C8 /* Main.storyboard */; };
		8491BC851CCF3F21004680C8 /* Assets.xcassets in Resources */ = {isa = PBXBuildFile; fileRef = 8491BC841CCF3F21004680C8 /* Assets.xcassets */; };
		8491BC881CCF3F21004680C8 /* LaunchScreen.storyboard in Resources */ = {isa = PBXBuildFile; fileRef = 8491BC861CCF3F21004680C8 /* LaunchScreen.storyboard */; };
		8491BC931CCF3F21004680C8 /* MVCDemoTests.swift in Sources */ = {isa = PBXBuildFile; fileRef = 8491BC921CCF3F21004680C8 /* MVCDemoTests.swift */; };
		8491BC9E1CCF3F21004680C8 /* MVCDemoUITests.swift in Sources */ = {isa = PBXBuildFile; fileRef = 8491BC9D1CCF3F21004680C8 /* MVCDemoUITests.swift */; };
		8491BCB11CCF72EB004680C8 /* Calculation.swift in Sources */ = {isa = PBXBuildFile; fileRef = 8491BCB01CCF72EB004680C8 /* Calculation.swift */; };
		8491BCB41CCF874B004680C8 /* CustomOperatorButton.swift in Sources */ = {isa = PBXBuildFile; fileRef = 8491BCB31CCF874B004680C8 /* CustomOperatorButton.swift */; };
/* End PBXBuildFile section */

/* Begin PBXContainerItemProxy section */
		8491BC8F1CCF3F21004680C8 /* PBXContainerItemProxy */ = {
			isa = PBXContainerItemProxy;
			containerPortal = 8491BC721CCF3F20004680C8 /* Project object */;
			proxyType = 1;
			remoteGlobalIDString = 8491BC791CCF3F21004680C8;
			remoteInfo = MVCDemo;
		};
		8491BC9A1CCF3F21004680C8 /* PBXContainerItemProxy */ = {
			isa = PBXContainerItemProxy;
			containerPortal = 8491BC721CCF3F20004680C8 /* Project object */;
			proxyType = 1;
			remoteGlobalIDString = 8491BC791CCF3F21004680C8;
			remoteInfo = MVCDemo;
		};
/* End PBXContainerItemProxy section */

/* Begin PBXFileReference section */
		8491BC7A1CCF3F21004680C8 /* MVCDemo.app */ = {isa = PBXFileReference; explicitFileType = wrapper.application; includeInIndex = 0; path = MVCDemo.app; sourceTree = BUILT_PRODUCTS_DIR; };
		8491BC7D1CCF3F21004680C8 /* AppDelegate.swift */ = {isa = PBXFileReference; lastKnownFileType = sourcecode.swift; path = AppDelegate.swift; sourceTree = "<group>"; };
		8491BC7F1CCF3F21004680C8 /* ViewController.swift */ = {isa = PBXFileReference; lastKnownFileType = sourcecode.swift; path = ViewController.swift; sourceTree = "<group>"; };
		8491BC821CCF3F21004680C8 /* Base */ = {isa = PBXFileReference; lastKnownFileType = file.storyboard; name = Base; path = Base.lproj/Main.storyboard; sourceTree = "<group>"; };
		8491BC841CCF3F21004680C8 /* Assets.xcassets */ = {isa = PBXFileReference; lastKnownFileType = folder.assetcatalog; path = Assets.xcassets; sourceTree = "<group>"; };
		8491BC871CCF3F21004680C8 /* Base */ = {isa = PBXFileReference; lastKnownFileType = file.storyboard; name = Base; path = Base.lproj/LaunchScreen.storyboard; sourceTree = "<group>"; };
		8491BC891CCF3F21004680C8 /* Info.plist */ = {isa = PBXFileReference; lastKnownFileType = text.plist.xml; path = Info.plist; sourceTree = "<group>"; };
		8491BC8E1CCF3F21004680C8 /* MVCDemoTests.xctest */ = {isa = PBXFileReference; explicitFileType = wrapper.cfbundle; includeInIndex = 0; path = MVCDemoTests.xctest; sourceTree = BUILT_PRODUCTS_DIR; };
		8491BC921CCF3F21004680C8 /* MVCDemoTests.swift */ = {isa = PBXFileReference; lastKnownFileType = sourcecode.swift; path = MVCDemoTests.swift; sourceTree = "<group>"; };
		8491BC941CCF3F21004680C8 /* Info.plist */ = {isa = PBXFileReference; lastKnownFileType = text.plist.xml; path = Info.plist; sourceTree = "<group>"; };
		8491BC991CCF3F21004680C8 /* MVCDemoUITests.xctest */ = {isa = PBXFileReference; explicitFileType = wrapper.cfbundle; includeInIndex = 0; path = MVCDemoUITests.xctest; sourceTree = BUILT_PRODUCTS_DIR; };
		8491BC9D1CCF3F21004680C8 /* MVCDemoUITests.swift */ = {isa = PBXFileReference; lastKnownFileType = sourcecode.swift; path = MVCDemoUITests.swift; sourceTree = "<group>"; };
		8491BC9F1CCF3F21004680C8 /* Info.plist */ = {isa = PBXFileReference; lastKnownFileType = text.plist.xml; path = Info.plist; sourceTree = "<group>"; };
		8491BCB01CCF72EB004680C8 /* Calculation.swift */ = {isa = PBXFileReference; fileEncoding = 4; lastKnownFileType = sourcecode.swift; path = Calculation.swift; sourceTree = "<group>"; };
		8491BCB31CCF874B004680C8 /* CustomOperatorButton.swift */ = {isa = PBXFileReference; fileEncoding = 4; lastKnownFileType = sourcecode.swift; path = CustomOperatorButton.swift; sourceTree = "<group>"; };
/* End PBXFileReference section */

/* Begin PBXFrameworksBuildPhase section */
		8491BC771CCF3F21004680C8 /* Frameworks */ = {
			isa = PBXFrameworksBuildPhase;
			buildActionMask = 2147483647;
			files = (
			);
			runOnlyForDeploymentPostprocessing = 0;
		};
		8491BC8B1CCF3F21004680C8 /* Frameworks */ = {
			isa = PBXFrameworksBuildPhase;
			buildActionMask = 2147483647;
			files = (
			);
			runOnlyForDeploymentPostprocessing = 0;
		};
		8491BC961CCF3F21004680C8 /* Frameworks */ = {
			isa = PBXFrameworksBuildPhase;
			buildActionMask = 2147483647;
			files = (
			);
			runOnlyForDeploymentPostprocessing = 0;
		};
/* End PBXFrameworksBuildPhase section */

/* Begin PBXGroup section */
		8491BC711CCF3F20004680C8 = {
			isa = PBXGroup;
			children = (
				8491BC7C1CCF3F21004680C8 /* MVCDemo */,
				8491BC911CCF3F21004680C8 /* MVCDemoTests */,
				8491BC9C1CCF3F21004680C8 /* MVCDemoUITests */,
				8491BC7B1CCF3F21004680C8 /* Products */,
			);
			sourceTree = "<group>";
		};
		8491BC7B1CCF3F21004680C8 /* Products */ = {
			isa = PBXGroup;
			children = (
				8491BC7A1CCF3F21004680C8 /* MVCDemo.app */,
				8491BC8E1CCF3F21004680C8 /* MVCDemoTests.xctest */,
				8491BC991CCF3F21004680C8 /* MVCDemoUITests.xctest */,
			);
			name = Products;
			sourceTree = "<group>";
		};
		8491BC7C1CCF3F21004680C8 /* MVCDemo */ = {
			isa = PBXGroup;
			children = (
				8491BCB21CCF8711004680C8 /* View */,
				8491BCAF1CCF72D2004680C8 /* Model */,
				8491BCAB1CCF5F8A004680C8 /* Controller */,
				8491BC7D1CCF3F21004680C8 /* AppDelegate.swift */,
				8491BC811CCF3F21004680C8 /* Main.storyboard */,
				8491BC841CCF3F21004680C8 /* Assets.xcassets */,
				8491BC861CCF3F21004680C8 /* LaunchScreen.storyboard */,
				8491BC891CCF3F21004680C8 /* Info.plist */,
			);
			path = MVCDemo;
			sourceTree = "<group>";
		};
		8491BC911CCF3F21004680C8 /* MVCDemoTests */ = {
			isa = PBXGroup;
			children = (
				8491BC921CCF3F21004680C8 /* MVCDemoTests.swift */,
				8491BC941CCF3F21004680C8 /* Info.plist */,
			);
			path = MVCDemoTests;
			sourceTree = "<group>";
		};
		8491BC9C1CCF3F21004680C8 /* MVCDemoUITests */ = {
			isa = PBXGroup;
			children = (
				8491BC9D1CCF3F21004680C8 /* MVCDemoUITests.swift */,
				8491BC9F1CCF3F21004680C8 /* Info.plist */,
			);
			path = MVCDemoUITests;
			sourceTree = "<group>";
		};
		8491BCAB1CCF5F8A004680C8 /* Controller */ = {
			isa = PBXGroup;
			children = (
				8491BC7F1CCF3F21004680C8 /* ViewController.swift */,
			);
			name = Controller;
			sourceTree = "<group>";
		};
		8491BCAF1CCF72D2004680C8 /* Model */ = {
			isa = PBXGroup;
			children = (
				8491BCB01CCF72EB004680C8 /* Calculation.swift */,
			);
			name = Model;
			sourceTree = "<group>";
		};
		8491BCB21CCF8711004680C8 /* View */ = {
			isa = PBXGroup;
			children = (
				8491BCB31CCF874B004680C8 /* CustomOperatorButton.swift */,
			);
			name = View;
			sourceTree = "<group>";
		};
/* End PBXGroup section */

/* Begin PBXNativeTarget section */
		8491BC791CCF3F21004680C8 /* MVCDemo */ = {
			isa = PBXNativeTarget;
			buildConfigurationList = 8491BCA21CCF3F21004680C8 /* Build configuration list for PBXNativeTarget "MVCDemo" */;
			buildPhases = (
				8491BC761CCF3F21004680C8 /* Sources */,
				8491BC771CCF3F21004680C8 /* Frameworks */,
				8491BC781CCF3F21004680C8 /* Resources */,
			);
			buildRules = (
			);
			dependencies = (
			);
			name = MVCDemo;
			productName = MVCDemo;
			productReference = 8491BC7A1CCF3F21004680C8 /* MVCDemo.app */;
			productType = "com.apple.product-type.application";
		};
		8491BC8D1CCF3F21004680C8 /* MVCDemoTests */ = {
			isa = PBXNativeTarget;
			buildConfigurationList = 8491BCA51CCF3F21004680C8 /* Build configuration list for PBXNativeTarget "MVCDemoTests" */;
			buildPhases = (
				8491BC8A1CCF3F21004680C8 /* Sources */,
				8491BC8B1CCF3F21004680C8 /* Frameworks */,
				8491BC8C1CCF3F21004680C8 /* Resources */,
			);
			buildRules = (
			);
			dependencies = (
				8491BC901CCF3F21004680C8 /* PBXTargetDependency */,
			);
			name = MVCDemoTests;
			productName = MVCDemoTests;
			productReference = 8491BC8E1CCF3F21004680C8 /* MVCDemoTests.xctest */;
			productType = "com.apple.product-type.bundle.unit-test";
		};
		8491BC981CCF3F21004680C8 /* MVCDemoUITests */ = {
			isa = PBXNativeTarget;
			buildConfigurationList = 8491BCA81CCF3F21004680C8 /* Build configuration list for PBXNativeTarget "MVCDemoUITests" */;
			buildPhases = (
				8491BC951CCF3F21004680C8 /* Sources */,
				8491BC961CCF3F21004680C8 /* Frameworks */,
				8491BC971CCF3F21004680C8 /* Resources */,
			);
			buildRules = (
			);
			dependencies = (
				8491BC9B1CCF3F21004680C8 /* PBXTargetDependency */,
			);
			name = MVCDemoUITests;
			productName = MVCDemoUITests;
			productReference = 8491BC991CCF3F21004680C8 /* MVCDemoUITests.xctest */;
			productType = "com.apple.product-type.bundle.ui-testing";
		};
/* End PBXNativeTarget section */

/* Begin PBXProject section */
		8491BC721CCF3F20004680C8 /* Project object */ = {
			isa = PBXProject;
			attributes = {
				LastSwiftUpdateCheck = 0730;
				LastUpgradeCheck = 0730;
				ORGANIZATIONNAME = "Abu Khalid";
				TargetAttributes = {
					8491BC791CCF3F21004680C8 = {
						CreatedOnToolsVersion = 7.3;
						DevelopmentTeam = L7X5HR4MU4;
					};
					8491BC8D1CCF3F21004680C8 = {
						CreatedOnToolsVersion = 7.3;
						DevelopmentTeam = L7X5HR4MU4;
						TestTargetID = 8491BC791CCF3F21004680C8;
					};
					8491BC981CCF3F21004680C8 = {
						CreatedOnToolsVersion = 7.3;
						DevelopmentTeam = L7X5HR4MU4;
						TestTargetID = 8491BC791CCF3F21004680C8;
					};
				};
			};
			buildConfigurationList = 8491BC751CCF3F20004680C8 /* Build configuration list for PBXProject "MVCDemo" */;
			compatibilityVersion = "Xcode 3.2";
			developmentRegion = English;
			hasScannedForEncodings = 0;
			knownRegions = (
				en,
				Base,
			);
			mainGroup = 8491BC711CCF3F20004680C8;
			productRefGroup = 8491BC7B1CCF3F21004680C8 /* Products */;
			projectDirPath = "";
			projectRoot = "";
			targets = (
				8491BC791CCF3F21004680C8 /* MVCDemo */,
				8491BC8D1CCF3F21004680C8 /* MVCDemoTests */,
				8491BC981CCF3F21004680C8 /* MVCDemoUITests */,
			);
		};
/* End PBXProject section */

/* Begin PBXResourcesBuildPhase section */
		8491BC781CCF3F21004680C8 /* Resources */ = {
			isa = PBXResourcesBuildPhase;
			buildActionMask = 2147483647;
			files = (
				8491BC881CCF3F21004680C8 /* LaunchScreen.storyboard in Resources */,
				8491BC851CCF3F21004680C8 /* Assets.xcassets in Resources */,
				8491BC831CCF3F21004680C8 /* Main.storyboard in Resources */,
			);
			runOnlyForDeploymentPostprocessing = 0;
		};
		8491BC8C1CCF3F21004680C8 /* Resources */ = {
			isa = PBXResourcesBuildPhase;
			buildActionMask = 2147483647;
			files = (
			);
			runOnlyForDeploymentPostprocessing = 0;
		};
		8491BC971CCF3F21004680C8 /* Resources */ = {
			isa = PBXResourcesBuildPhase;
			buildActionMask = 2147483647;
			files = (
			);
			runOnlyForDeploymentPostprocessing = 0;
		};
/* End PBXResourcesBuildPhase section */

/* Begin PBXSourcesBuildPhase section */
		8491BC761CCF3F21004680C8 /* Sources */ = {
			isa = PBXSourcesBuildPhase;
			buildActionMask = 2147483647;
			files = (
				8491BCB41CCF874B004680C8 /* CustomOperatorButton.swift in Sources */,
				8491BC801CCF3F21004680C8 /* ViewController.swift in Sources */,
				8491BCB11CCF72EB004680C8 /* Calculation.swift in Sources */,
				8491BC7E1CCF3F21004680C8 /* AppDelegate.swift in Sources */,
			);
			runOnlyForDeploymentPostprocessing = 0;
		};
		8491BC8A1CCF3F21004680C8 /* Sources */ = {
			isa = PBXSourcesBuildPhase;
			buildActionMask = 2147483647;
			files = (
				8491BC931CCF3F21004680C8 /* MVCDemoTests.swift in Sources */,
			);
			runOnlyForDeploymentPostprocessing = 0;
		};
		8491BC951CCF3F21004680C8 /* Sources */ = {
			isa = PBXSourcesBuildPhase;
			buildActionMask = 2147483647;
			files = (
				8491BC9E1CCF3F21004680C8 /* MVCDemoUITests.swift in Sources */,
			);
			runOnlyForDeploymentPostprocessing = 0;
		};
/* End PBXSourcesBuildPhase section */

/* Begin PBXTargetDependency section */
		8491BC901CCF3F21004680C8 /* PBXTargetDependency */ = {
			isa = PBXTargetDependency;
			target = 8491BC791CCF3F21004680C8 /* MVCDemo */;
			targetProxy = 8491BC8F1CCF3F21004680C8 /* PBXContainerItemProxy */;
		};
		8491BC9B1CCF3F21004680C8 /* PBXTargetDependency */ = {
			isa = PBXTargetDependency;
			target = 8491BC791CCF3F21004680C8 /* MVCDemo */;
			targetProxy = 8491BC9A1CCF3F21004680C8 /* PBXContainerItemProxy */;
		};
/* End PBXTargetDependency section */

/* Begin PBXVariantGroup section */
		8491BC811CCF3F21004680C8 /* Main.storyboard */ = {
			isa = PBXVariantGroup;
			children = (
				8491BC821CCF3F21004680C8 /* Base */,
			);
			name = Main.storyboard;
			sourceTree = "<group>";
		};
		8491BC861CCF3F21004680C8 /* LaunchScreen.storyboard */ = {
			isa = PBXVariantGroup;
			children = (
				8491BC871CCF3F21004680C8 /* Base */,
			);
			name = LaunchScreen.storyboard;
			sourceTree = "<group>";
		};
/* End PBXVariantGroup section */

/* Begin XCBuildConfiguration section */
		8491BCA01CCF3F21004680C8 /* Debug */ = {
			isa = XCBuildConfiguration;
			buildSettings = {
				ALWAYS_SEARCH_USER_PATHS = NO;
				CLANG_ANALYZER_NONNULL = YES;
				CLANG_CXX_LANGUAGE_STANDARD = "gnu++0x";
				CLANG_CXX_LIBRARY = "libc++";
				CLANG_ENABLE_MODULES = YES;
				CLANG_ENABLE_OBJC_ARC = YES;
				CLANG_WARN_BOOL_CONVERSION = YES;
				CLANG_WARN_CONSTANT_CONVERSION = YES;
				CLANG_WARN_DIRECT_OBJC_ISA_USAGE = YES_ERROR;
				CLANG_WARN_EMPTY_BODY = YES;
				CLANG_WARN_ENUM_CONVERSION = YES;
				CLANG_WARN_INT_CONVERSION = YES;
				CLANG_WARN_OBJC_ROOT_CLASS = YES_ERROR;
				CLANG_WARN_UNREACHABLE_CODE = YES;
				CLANG_WARN__DUPLICATE_METHOD_MATCH = YES;
				"CODE_SIGN_IDENTITY[sdk=iphoneos*]" = "iPhone Developer";
				COPY_PHASE_STRIP = NO;
				DEBUG_INFORMATION_FORMAT = dwarf;
				ENABLE_STRICT_OBJC_MSGSEND = YES;
				ENABLE_TESTABILITY = YES;
				GCC_C_LANGUAGE_STANDARD = gnu99;
				GCC_DYNAMIC_NO_PIC = NO;
				GCC_NO_COMMON_BLOCKS = YES;
				GCC_OPTIMIZATION_LEVEL = 0;
				GCC_PREPROCESSOR_DEFINITIONS = (
					"DEBUG=1",
					"$(inherited)",
				);
				GCC_WARN_64_TO_32_BIT_CONVERSION = YES;
				GCC_WARN_ABOUT_RETURN_TYPE = YES_ERROR;
				GCC_WARN_UNDECLARED_SELECTOR = YES;
				GCC_WARN_UNINITIALIZED_AUTOS = YES_AGGRESSIVE;
				GCC_WARN_UNUSED_FUNCTION = YES;
				GCC_WARN_UNUSED_VARIABLE = YES;
				IPHONEOS_DEPLOYMENT_TARGET = 9.3;
				MTL_ENABLE_DEBUG_INFO = YES;
				ONLY_ACTIVE_ARCH = YES;
				SDKROOT = iphoneos;
				SWIFT_OPTIMIZATION_LEVEL = "-Onone";
			};
			name = Debug;
		};
		8491BCA11CCF3F21004680C8 /* Release */ = {
			isa = XCBuildConfiguration;
			buildSettings = {
				ALWAYS_SEARCH_USER_PATHS = NO;
				CLANG_ANALYZER_NONNULL = YES;
				CLANG_CXX_LANGUAGE_STANDARD = "gnu++0x";
				CLANG_CXX_LIBRARY = "libc++";
				CLANG_ENABLE_MODULES = YES;
				CLANG_ENABLE_OBJC_ARC = YES;
				CLANG_WARN_BOOL_CONVERSION = YES;
				CLANG_WARN_CONSTANT_CONVERSION = YES;
				CLANG_WARN_DIRECT_OBJC_ISA_USAGE = YES_ERROR;
				CLANG_WARN_EMPTY_BODY = YES;
				CLANG_WARN_ENUM_CONVERSION = YES;
				CLANG_WARN_INT_CONVERSION = YES;
				CLANG_WARN_OBJC_ROOT_CLASS = YES_ERROR;
				CLANG_WARN_UNREACHABLE_CODE = YES;
				CLANG_WARN__DUPLICATE_METHOD_MATCH = YES;
				"CODE_SIGN_IDENTITY[sdk=iphoneos*]" = "iPhone Developer";
				COPY_PHASE_STRIP = NO;
				DEBUG_INFORMATION_FORMAT = "dwarf-with-dsym";
				ENABLE_NS_ASSERTIONS = NO;
				ENABLE_STRICT_OBJC_MSGSEND = YES;
				GCC_C_LANGUAGE_STANDARD = gnu99;
				GCC_NO_COMMON_BLOCKS = YES;
				GCC_WARN_64_TO_32_BIT_CONVERSION = YES;
				GCC_WARN_ABOUT_RETURN_TYPE = YES_ERROR;
				GCC_WARN_UNDECLARED_SELECTOR = YES;
				GCC_WARN_UNINITIALIZED_AUTOS = YES_AGGRESSIVE;
				GCC_WARN_UNUSED_FUNCTION = YES;
				GCC_WARN_UNUSED_VARIABLE = YES;
				IPHONEOS_DEPLOYMENT_TARGET = 9.3;
				MTL_ENABLE_DEBUG_INFO = NO;
				SDKROOT = iphoneos;
				VALIDATE_PRODUCT = YES;
			};
			name = Release;
		};
		8491BCA31CCF3F21004680C8 /* Debug */ = {
			isa = XCBuildConfiguration;
			buildSettings = {
				ASSETCATALOG_COMPILER_APPICON_NAME = AppIcon;
				INFOPLIST_FILE = MVCDemo/Info.plist;
				LD_RUNPATH_SEARCH_PATHS = "$(inherited) @executable_path/Frameworks";
				PRODUCT_BUNDLE_IDENTIFIER = abu.khalid.MVCDemo;
				PRODUCT_NAME = "$(TARGET_NAME)";
			};
			name = Debug;
		};
		8491BCA41CCF3F21004680C8 /* Release */ = {
			isa = XCBuildConfiguration;
			buildSettings = {
				ASSETCATALOG_COMPILER_APPICON_NAME = AppIcon;
				INFOPLIST_FILE = MVCDemo/Info.plist;
				LD_RUNPATH_SEARCH_PATHS = "$(inherited) @executable_path/Frameworks";
				PRODUCT_BUNDLE_IDENTIFIER = abu.khalid.MVCDemo;
				PRODUCT_NAME = "$(TARGET_NAME)";
			};
			name = Release;
		};
		8491BCA61CCF3F21004680C8 /* Debug */ = {
			isa = XCBuildConfiguration;
			buildSettings = {
				BUNDLE_LOADER = "$(TEST_HOST)";
				INFOPLIST_FILE = MVCDemoTests/Info.plist;
				LD_RUNPATH_SEARCH_PATHS = "$(inherited) @executable_path/Frameworks @loader_path/Frameworks";
				PRODUCT_BUNDLE_IDENTIFIER = abu.khalid.MVCDemoTests;
				PRODUCT_NAME = "$(TARGET_NAME)";
				TEST_HOST = "$(BUILT_PRODUCTS_DIR)/MVCDemo.app/MVCDemo";
			};
			name = Debug;
		};
		8491BCA71CCF3F21004680C8 /* Release */ = {
			isa = XCBuildConfiguration;
			buildSettings = {
				BUNDLE_LOADER = "$(TEST_HOST)";
				INFOPLIST_FILE = MVCDemoTests/Info.plist;
				LD_RUNPATH_SEARCH_PATHS = "$(inherited) @executable_path/Frameworks @loader_path/Frameworks";
				PRODUCT_BUNDLE_IDENTIFIER = abu.khalid.MVCDemoTests;
				PRODUCT_NAME = "$(TARGET_NAME)";
				TEST_HOST = "$(BUILT_PRODUCTS_DIR)/MVCDemo.app/MVCDemo";
			};
			name = Release;
		};
		8491BCA91CCF3F21004680C8 /* Debug */ = {
			isa = XCBuildConfiguration;
			buildSettings = {
				INFOPLIST_FILE = MVCDemoUITests/Info.plist;
				LD_RUNPATH_SEARCH_PATHS = "$(inherited) @executable_path/Frameworks @loader_path/Frameworks";
				PRODUCT_BUNDLE_IDENTIFIER = abu.khalid.MVCDemoUITests;
				PRODUCT_NAME = "$(TARGET_NAME)";
				TEST_TARGET_NAME = MVCDemo;
			};
			name = Debug;
		};
		8491BCAA1CCF3F21004680C8 /* Release */ = {
			isa = XCBuildConfiguration;
			buildSettings = {
				INFOPLIST_FILE = MVCDemoUITests/Info.plist;
				LD_RUNPATH_SEARCH_PATHS = "$(inherited) @executable_path/Frameworks @loader_path/Frameworks";
				PRODUCT_BUNDLE_IDENTIFIER = abu.khalid.MVCDemoUITests;
				PRODUCT_NAME = "$(TARGET_NAME)";
				TEST_TARGET_NAME = MVCDemo;
			};
			name = Release;
		};
/* End XCBuildConfiguration section */

/* Begin XCConfigurationList section */
		8491BC751CCF3F20004680C8 /* Build configuration list for PBXProject "MVCDemo" */ = {
			isa = XCConfigurationList;
			buildConfigurations = (
				8491BCA01CCF3F21004680C8 /* Debug */,
				8491BCA11CCF3F21004680C8 /* Release */,
			);
			defaultConfigurationIsVisible = 0;
			defaultConfigurationName = Release;
		};
		8491BCA21CCF3F21004680C8 /* Build configuration list for PBXNativeTarget "MVCDemo" */ = {
			isa = XCConfigurationList;
			buildConfigurations = (
				8491BCA31CCF3F21004680C8 /* Debug */,
				8491BCA41CCF3F21004680C8 /* Release */,
			);
			defaultConfigurationIsVisible = 0;
			defaultConfigurationName = Release;
		};
		8491BCA51CCF3F21004680C8 /* Build configuration list for PBXNativeTarget "MVCDemoTests" */ = {
			isa = XCConfigurationList;
			buildConfigurations = (
				8491BCA61CCF3F21004680C8 /* Debug */,
				8491BCA71CCF3F21004680C8 /* Release */,
			);
			defaultConfigurationIsVisible = 0;
			defaultConfigurationName = Release;
		};
		8491BCA81CCF3F21004680C8 /* Build configuration list for PBXNativeTarget "MVCDemoUITests" */ = {
			isa = XCConfigurationList;
			buildConfigurations = (
				8491BCA91CCF3F21004680C8 /* Debug */,
				8491BCAA1CCF3F21004680C8 /* Release */,
			);
			defaultConfigurationIsVisible = 0;
			defaultConfigurationName = Release;
		};
/* End XCConfigurationList section */
	};
	rootObject = 8491BC721CCF3F20004680C8 /* Project object */;
}
